# This file is autogenerated, do not edit; changes may be undone by the next 'dep ensure'.


[[projects]]
  digest = "1:e4b30804a381d7603b8a344009987c1ba351c26043501b23b8c7ce21f0b67474"
  name = "github.com/BurntSushi/toml"
  packages = ["."]
  pruneopts = ""
  revision = "3012a1dbe2e4bd1391d42b32f0577cb7bbc7f005"
  version = "v0.3.1"

[[projects]]
  digest = "1:44da3f221472d00188fa0d9bdae0c0abbdd45eebe8b8a6f5bdf22d24affff760"
  name = "go.uber.org/atomic"
  packages = ["."]
  pruneopts = ""
  revision = "40ae6a40a970ef4cdbffa7b24b280e316db8accc"
  version = "v1.5.1"

[[projects]]
  digest = "1:dfa0ac0e9eaefded9479bba35e8c274cbbe688894c583e28ad66c0a95d2eeb45"
  name = "go.uber.org/multierr"
  packages = ["."]
  pruneopts = ""
  revision = "824d08f79702fe5f54aca8400aa0d754318786e7"
  version = "v1.4.0"

[[projects]]
  branch = "master"
  digest = "1:4f9d5475f0ab52f0dc28c6bfd2cfeebb0a5f823e8ae4cc8bc53ae112762d275c"
  name = "go.uber.org/tools"
  packages = ["update-license"]
  pruneopts = ""
  revision = "2cfd321de3ee5d5f8a5fda2521d1703478334d98"

[[projects]]
  branch = "master"
  digest = "1:52c839f34b216cc6a6dbc593faa079899f3759e2a11fe7accf09b875edb07eb4"
  name = "go.uber.org/zap"
  packages = [
    ".",
    "buffer",
    "internal/bufferpool",
    "internal/color",
    "internal/exit",
    "zapcore",
  ]
  pruneopts = ""
  revision = "127ea09767984a610aa6a53141f271b35f975ddb"

[[projects]]
  branch = "master"
  digest = "1:2b72e9a94f2ac305c8821463fd792c8acb31d7d3c8de87e8c8e7e08db42e8cd6"
  name = "golang.org/x/lint"
  packages = [
    ".",
    "golint",
  ]
  pruneopts = ""
  revision = "910be7a94367618fd0fd25eaabbee4fdc0ac7092"

[[projects]]
  branch = "master"
  digest = "1:9c1e3323d01ae00b0972ee876c328df580e6c0e76c37569309ce90ac672263e9"
  name = "golang.org/x/tools"
  packages = [
    "go/analysis",
    "go/analysis/passes/inspect",
    "go/ast/astutil",
    "go/ast/inspector",
    "go/buildutil",
    "go/gcexportdata",
    "go/internal/gcimporter",
    "go/internal/packagesdriver",
    "go/packages",
    "go/types/objectpath",
    "go/types/typeutil",
    "internal/packagesinternal",
  ]
  pruneopts = ""
  revision = "33212cd6a08a338fd5a43ba96445070e150b340f"

[[projects]]
  digest = "1:afc5a2804ec9be0562c937b0c684bbaf5a9c4aef7511677b539c3806be3f4783"
  name = "honnef.co/go/tools"
  packages = [
    "arg",
    "cmd/staticcheck",
    "config",
    "deprecated",
    "facts",
    "functions",
    "go/types/typeutil",
    "internal/cache",
    "internal/passes/buildssa",
    "internal/renameio",
    "internal/sharedcheck",
    "lint",
    "lint/lintdsl",
    "lint/lintutil",
    "lint/lintutil/format",
    "loader",
    "printf",
    "simple",
    "ssa",
    "ssautil",
    "staticcheck",
    "staticcheck/vrp",
    "stylecheck",
    "unused",
    "version",
  ]
  pruneopts = ""
  revision = "afd67930eec2a9ed3e9b19f684d17a062285f16a"
  version = "2019.2.3"

[solve-meta]
  analyzer-name = "dep"
  analyzer-version = 1
  input-imports = ["go.uber.org/zap"]
  solver-name = "gps-cdcl"
  solver-version = 1
